{
    "_meta": {
        "hash": {
            "sha256": "a82893064fdd252d136a512d92442371d902c1aa43c0ef199d32260bddef8015"
        },
        "pipfile-spec": 6,
        "requires": {
            "python_version": "3.11"
        },
        "sources": [
            {
                "name": "pypi",
                "url": "https://pypi.org/simple",
                "verify_ssl": true
            }
        ]
    },
    "default": {
        "aesedb": {
            "hashes": [
                "sha256:dcfecc0e266d58b5cd8f69118f4973bab188f7f7a0635dbae7abcf68f9ab72d6"
            ],
            "markers": "python_version >= '3.6'",
            "version": "==0.1.4"
        },
        "aiosmb": {
            "hashes": [
                "sha256:8b6f4c586fcd4e757e31aa3ea5a17060d9355d8994011ff6040acc18c578c023",
                "sha256:b8de656e1b8fb7d6b1a766534f10e01ee0d1c254235c03449063e04092f5a3dd"
            ],
            "markers": "python_version >= '3.7'",
            "version": "==0.4.10"
        },
        "aiowinreg": {
            "hashes": [
                "sha256:9ac5fa4032bb3b399c110fb63dbb7a417f7224ce2193acb43588440731b05841"
            ],
            "markers": "python_version >= '3.6'",
            "version": "==0.0.10"
        },
        "asn1crypto": {
            "hashes": [
                "sha256:13ae38502be632115abf8a24cbe5f4da52e3b5231990aff31123c805306ccb9c",
                "sha256:db4e40728b728508912cbb3d44f19ce188f218e9eba635821bb4b68564f8fd67"
            ],
            "version": "==1.5.1"
        },
        "asyauth": {
            "hashes": [
                "sha256:1fff4333d5db8c6c4a897efdf5e95a41a44cd257638d8296003f1a7a4a9e95a1",
                "sha256:b7602894fd0667cf1bd3e16a1d71c83f557a4c857ad41bddf30557a59665b4ad"
            ],
            "markers": "python_version >= '3.7'",
            "version": "==0.0.18"
        },
        "asysocks": {
            "hashes": [
                "sha256:1709bcf7c994ef0bc7e4e918554af0deb2f8553e72cafa07c55b5f72e2fee1b4",
                "sha256:578b38d053dfc475114f5b773c561897328102520c4b6e16b5fce8ef7b0c1a4a"
            ],
            "markers": "python_version >= '3.6'",
            "version": "==0.2.11"
        },
        "cffi": {
            "hashes": [
                "sha256:0c9ef6ff37e974b73c25eecc13952c55bceed9112be2d9d938ded8e856138bcc",
                "sha256:131fd094d1065b19540c3d72594260f118b231090295d8c34e19a7bbcf2e860a",
                "sha256:1b8ebc27c014c59692bb2664c7d13ce7a6e9a629be20e54e7271fa696ff2b417",
                "sha256:2c56b361916f390cd758a57f2e16233eb4f64bcbeee88a4881ea90fca14dc6ab",
                "sha256:2d92b25dbf6cae33f65005baf472d2c245c050b1ce709cc4588cdcdd5495b520",
                "sha256:31d13b0f99e0836b7ff893d37af07366ebc90b678b6664c955b54561fc36ef36",
                "sha256:32c68ef735dbe5857c810328cb2481e24722a59a2003018885514d4c09af9743",
                "sha256:3686dffb02459559c74dd3d81748269ffb0eb027c39a6fc99502de37d501faa8",
                "sha256:582215a0e9adbe0e379761260553ba11c58943e4bbe9c36430c4ca6ac74b15ed",
                "sha256:5b50bf3f55561dac5438f8e70bfcdfd74543fd60df5fa5f62d94e5867deca684",
                "sha256:5bf44d66cdf9e893637896c7faa22298baebcd18d1ddb6d2626a6e39793a1d56",
                "sha256:6602bc8dc6f3a9e02b6c22c4fc1e47aa50f8f8e6d3f78a5e16ac33ef5fefa324",
                "sha256:673739cb539f8cdaa07d92d02efa93c9ccf87e345b9a0b556e3ecc666718468d",
                "sha256:68678abf380b42ce21a5f2abde8efee05c114c2fdb2e9eef2efdb0257fba1235",
                "sha256:68e7c44931cc171c54ccb702482e9fc723192e88d25a0e133edd7aff8fcd1f6e",
                "sha256:6b3d6606d369fc1da4fd8c357d026317fbb9c9b75d36dc16e90e84c26854b088",
                "sha256:748dcd1e3d3d7cd5443ef03ce8685043294ad6bd7c02a38d1bd367cfd968e000",
                "sha256:7651c50c8c5ef7bdb41108b7b8c5a83013bfaa8a935590c5d74627c047a583c7",
                "sha256:7b78010e7b97fef4bee1e896df8a4bbb6712b7f05b7ef630f9d1da00f6444d2e",
                "sha256:7e61e3e4fa664a8588aa25c883eab612a188c725755afff6289454d6362b9673",
                "sha256:80876338e19c951fdfed6198e70bc88f1c9758b94578d5a7c4c91a87af3cf31c",
                "sha256:8895613bcc094d4a1b2dbe179d88d7fb4a15cee43c052e8885783fac397d91fe",
                "sha256:88e2b3c14bdb32e440be531ade29d3c50a1a59cd4e51b1dd8b0865c54ea5d2e2",
                "sha256:8f8e709127c6c77446a8c0a8c8bf3c8ee706a06cd44b1e827c3e6a2ee6b8c098",
                "sha256:9cb4a35b3642fc5c005a6755a5d17c6c8b6bcb6981baf81cea8bfbc8903e8ba8",
                "sha256:9f90389693731ff1f659e55c7d1640e2ec43ff725cc61b04b2f9c6d8d017df6a",
                "sha256:a09582f178759ee8128d9270cd1344154fd473bb77d94ce0aeb2a93ebf0feaf0",
                "sha256:a6a14b17d7e17fa0d207ac08642c8820f84f25ce17a442fd15e27ea18d67c59b",
                "sha256:a72e8961a86d19bdb45851d8f1f08b041ea37d2bd8d4fd19903bc3083d80c896",
                "sha256:abd808f9c129ba2beda4cfc53bde801e5bcf9d6e0f22f095e45327c038bfe68e",
                "sha256:ac0f5edd2360eea2f1daa9e26a41db02dd4b0451b48f7c318e217ee092a213e9",
                "sha256:b29ebffcf550f9da55bec9e02ad430c992a87e5f512cd63388abb76f1036d8d2",
                "sha256:b2ca4e77f9f47c55c194982e10f058db063937845bb2b7a86c84a6cfe0aefa8b",
                "sha256:b7be2d771cdba2942e13215c4e340bfd76398e9227ad10402a8767ab1865d2e6",
                "sha256:b84834d0cf97e7d27dd5b7f3aca7b6e9263c56308ab9dc8aae9784abb774d404",
                "sha256:b86851a328eedc692acf81fb05444bdf1891747c25af7529e39ddafaf68a4f3f",
                "sha256:bcb3ef43e58665bbda2fb198698fcae6776483e0c4a631aa5647806c25e02cc0",
                "sha256:c0f31130ebc2d37cdd8e44605fb5fa7ad59049298b3f745c74fa74c62fbfcfc4",
                "sha256:c6a164aa47843fb1b01e941d385aab7215563bb8816d80ff3a363a9f8448a8dc",
                "sha256:d8a9d3ebe49f084ad71f9269834ceccbf398253c9fac910c4fd7053ff1386936",
                "sha256:db8e577c19c0fda0beb7e0d4e09e0ba74b1e4c092e0e40bfa12fe05b6f6d75ba",
                "sha256:dc9b18bf40cc75f66f40a7379f6a9513244fe33c0e8aa72e2d56b0196a7ef872",
                "sha256:e09f3ff613345df5e8c3667da1d918f9149bd623cd9070c983c013792a9a62eb",
                "sha256:e4108df7fe9b707191e55f33efbcb2d81928e10cea45527879a4749cbe472614",
                "sha256:e6024675e67af929088fda399b2094574609396b1decb609c55fa58b028a32a1",
                "sha256:e70f54f1796669ef691ca07d046cd81a29cb4deb1e5f942003f401c0c4a2695d",
                "sha256:e715596e683d2ce000574bae5d07bd522c781a822866c20495e52520564f0969",
                "sha256:e760191dd42581e023a68b758769e2da259b5d52e3103c6060ddc02c9edb8d7b",
                "sha256:ed86a35631f7bfbb28e108dd96773b9d5a6ce4811cf6ea468bb6a359b256b1e4",
                "sha256:ee07e47c12890ef248766a6e55bd38ebfb2bb8edd4142d56db91b21ea68b7627",
                "sha256:fa3a0128b152627161ce47201262d3140edb5a5c3da88d73a1b790a959126956",
                "sha256:fcc8eb6d5902bb1cf6dc4f187ee3ea80a1eba0a89aba40a5cb20a5087d961357"
            ],
            "markers": "python_version >= '3.8'",
            "version": "==1.16.0"
        },
        "colorama": {
            "hashes": [
                "sha256:08695f5cb7ed6e0531a20572697297273c47b8cae5a63ffc6d6ed5c201be6e44",
                "sha256:4f1d9991f5acc0ca119f9d443620b77f9d6b33703e51011c16baf57afb285fc6"
            ],
            "markers": "python_version >= '2.7' and python_version not in '3.0, 3.1, 3.2, 3.3, 3.4, 3.5, 3.6'",
            "version": "==0.4.6"
        },
        "cryptography": {
            "hashes": [
                "sha256:079b85658ea2f59c4f43b70f8119a52414cdb7be34da5d019a77bf96d473b960",
                "sha256:09616eeaef406f99046553b8a40fbf8b1e70795a91885ba4c96a70793de5504a",
                "sha256:13f93ce9bea8016c253b34afc6bd6a75993e5c40672ed5405a9c832f0d4a00bc",
                "sha256:37a138589b12069efb424220bf78eac59ca68b95696fc622b6ccc1c0a197204a",
                "sha256:3c78451b78313fa81607fa1b3f1ae0a5ddd8014c38a02d9db0616133987b9cdf",
                "sha256:43f2552a2378b44869fe8827aa19e69512e3245a219104438692385b0ee119d1",
                "sha256:48a0476626da912a44cc078f9893f292f0b3e4c739caf289268168d8f4702a39",
                "sha256:49f0805fc0b2ac8d4882dd52f4a3b935b210935d500b6b805f321addc8177406",
                "sha256:5429ec739a29df2e29e15d082f1d9ad683701f0ec7709ca479b3ff2708dae65a",
                "sha256:5a1b41bc97f1ad230a41657d9155113c7521953869ae57ac39ac7f1bb471469a",
                "sha256:68a2dec79deebc5d26d617bfdf6e8aab065a4f34934b22d3b5010df3ba36612c",
                "sha256:7a698cb1dac82c35fcf8fe3417a3aaba97de16a01ac914b89a0889d364d2f6be",
                "sha256:841df4caa01008bad253bce2a6f7b47f86dc9f08df4b433c404def869f590a15",
                "sha256:90452ba79b8788fa380dfb587cca692976ef4e757b194b093d845e8d99f612f2",
                "sha256:928258ba5d6f8ae644e764d0f996d61a8777559f72dfeb2eea7e2fe0ad6e782d",
                "sha256:af03b32695b24d85a75d40e1ba39ffe7db7ffcb099fe507b39fd41a565f1b157",
                "sha256:b640981bf64a3e978a56167594a0e97db71c89a479da8e175d8bb5be5178c003",
                "sha256:c5ca78485a255e03c32b513f8c2bc39fedb7f5c5f8535545bdc223a03b24f248",
                "sha256:c7f3201ec47d5207841402594f1d7950879ef890c0c495052fa62f58283fde1a",
                "sha256:d5ec85080cce7b0513cfd233914eb8b7bbd0633f1d1703aa28d1dd5a72f678ec",
                "sha256:d6c391c021ab1f7a82da5d8d0b3cee2f4b2c455ec86c8aebbc84837a631ff309",
                "sha256:e3114da6d7f95d2dee7d3f4eec16dacff819740bbab931aff8648cb13c5ff5e7",
                "sha256:f983596065a18a2183e7f79ab3fd4c475205b839e02cbc0efbbf9666c4b3083d"
            ],
            "markers": "python_version >= '3.7'",
            "version": "==41.0.7"
        },
        "h11": {
            "hashes": [
                "sha256:8f19fbbe99e72420ff35c00b27a34cb9937e902a8b810e2c88300c6f0a3b699d",
                "sha256:e3fe4ac4b851c468cc8363d500db52c2ead036020723024a109d37346efaa761"
            ],
            "markers": "python_version >= '3.7'",
            "version": "==0.14.0"
        },
        "minidump": {
            "hashes": [
                "sha256:47eb736b90bfd9e8246a349c9a2969ffcaa8c284a495855f101f9fd0a30d06a4",
                "sha256:b64ba764ea6db03f90dcd91fa516794ee729f3555ec8735700bdbfb58e0f1181"
            ],
            "markers": "python_version >= '3.6'",
            "version": "==0.0.23"
        },
        "minikerberos": {
            "hashes": [
                "sha256:1b07861c6c4038b66a3a755dcceb70d31bafb2b2ac681d607f5c59fd6b8547bc",
                "sha256:f51d4283cfd318e89242dd2b467b99dc8a99ddad4fcf099367afeb1e54b7cf93"
            ],
            "markers": "python_version >= '3.6'",
            "version": "==0.4.4"
        },
        "msldap": {
            "hashes": [
                "sha256:26c0418086f788c1197341ee31d4ffbc69c057aef339cd91e882ca7c1fb10fcb",
                "sha256:5f3c4e362296e0e1eba447eda9f230988a7b2a08826f7b3ed34ec9612ebcfe33"
            ],
            "markers": "python_version >= '3.7'",
            "version": "==0.5.9"
        },
        "oscrypto": {
            "hashes": [
                "sha256:2b2f1d2d42ec152ca90ccb5682f3e051fb55986e1b170ebde472b133713e7085",
                "sha256:6f5fef59cb5b3708321db7cca56aed8ad7e662853351e7991fcf60ec606d47a4"
            ],
            "version": "==1.3.0"
        },
        "prompt-toolkit": {
            "hashes": [
                "sha256:3527b7af26106cbc65a040bcc84839a3566ec1b051bb0bfe953631e704b0ff7d",
                "sha256:a11a29cb3bf0a28a387fe5122cdb649816a957cd9261dcedf8c9f1fef33eacf6"
            ],
            "markers": "python_full_version >= '3.7.0'",
            "version": "==3.0.43"
        },
        "pycparser": {
            "hashes": [
                "sha256:8ee45429555515e1f6b185e78100aea234072576aa43ab53aefcae078162fca9",
                "sha256:e644fdec12f7872f86c58ff790da456218b10f863970249516d60a5eaca77206"
            ],
            "version": "==2.21"
        },
        "pycryptodomex": {
            "hashes": [
                "sha256:09c9401dc06fb3d94cb1ec23b4ea067a25d1f4c6b7b118ff5631d0b5daaab3cc",
                "sha256:0b2f1982c5bc311f0aab8c293524b861b485d76f7c9ab2c3ac9a25b6f7655975",
                "sha256:136b284e9246b4ccf4f752d435c80f2c44fc2321c198505de1d43a95a3453b3c",
                "sha256:1789d89f61f70a4cd5483d4dfa8df7032efab1118f8b9894faae03c967707865",
                "sha256:2126bc54beccbede6eade00e647106b4f4c21e5201d2b0a73e9e816a01c50905",
                "sha256:258c4233a3fe5a6341780306a36c6fb072ef38ce676a6d41eec3e591347919e8",
                "sha256:263de9a96d2fcbc9f5bd3a279f14ea0d5f072adb68ebd324987576ec25da084d",
                "sha256:50cb18d4dd87571006fd2447ccec85e6cec0136632a550aa29226ba075c80644",
                "sha256:5b883e1439ab63af976656446fb4839d566bb096f15fc3c06b5a99cde4927188",
                "sha256:5d73e9fa3fe830e7b6b42afc49d8329b07a049a47d12e0ef9225f2fd220f19b2",
                "sha256:61056a1fd3254f6f863de94c233b30dd33bc02f8c935b2000269705f1eeeffa4",
                "sha256:67c8eb79ab33d0fbcb56842992298ddb56eb6505a72369c20f60bc1d2b6fb002",
                "sha256:6e45bb4635b3c4e0a00ca9df75ef6295838c85c2ac44ad882410cb631ed1eeaa",
                "sha256:7cb51096a6a8d400724104db8a7e4f2206041a1f23e58924aa3d8d96bcb48338",
                "sha256:800a2b05cfb83654df80266692f7092eeefe2a314fa7901dcefab255934faeec",
                "sha256:8df69e41f7e7015a90b94d1096ec3d8e0182e73449487306709ec27379fff761",
                "sha256:917033016ecc23c8933205585a0ab73e20020fdf671b7cd1be788a5c4039840b",
                "sha256:a12144d785518f6491ad334c75ccdc6ad52ea49230b4237f319dbb7cef26f464",
                "sha256:a3866d68e2fc345162b1b9b83ef80686acfe5cec0d134337f3b03950a0a8bf56",
                "sha256:a588a1cb7781da9d5e1c84affd98c32aff9c89771eac8eaa659d2760666f7139",
                "sha256:a77b79852175064c822b047fee7cf5a1f434f06ad075cc9986aa1c19a0c53eb0",
                "sha256:af83a554b3f077564229865c45af0791be008ac6469ef0098152139e6bd4b5b6",
                "sha256:b801216c48c0886742abf286a9a6b117e248ca144d8ceec1f931ce2dd0c9cb40",
                "sha256:bfb040b5dda1dff1e197d2ef71927bd6b8bfcb9793bc4dfe0bb6df1e691eaacb",
                "sha256:c01678aee8ac0c1a461cbc38ad496f953f9efcb1fa19f5637cbeba7544792a53",
                "sha256:c74eb1f73f788facece7979ce91594dc177e1a9b5d5e3e64697dd58299e5cb4d",
                "sha256:c9a68a2f7bd091ccea54ad3be3e9d65eded813e6d79fdf4cc3604e26cdd6384f",
                "sha256:d4dd3b381ff5a5907a3eb98f5f6d32c64d319a840278ceea1dcfcc65063856f3",
                "sha256:e8e5ecbd4da4157889fce8ba49da74764dd86c891410bfd6b24969fa46edda51",
                "sha256:eb2fc0ec241bf5e5ef56c8fbec4a2634d631e4c4f616a59b567947a0f35ad83c",
                "sha256:edbe083c299835de7e02c8aa0885cb904a75087d35e7bab75ebe5ed336e8c3e2",
                "sha256:ff64fd720def623bf64d8776f8d0deada1cc1bf1ec3c1f9d6f5bb5bd098d034f"
            ],
            "markers": "python_version >= '2.7' and python_version not in '3.0, 3.1, 3.2, 3.3, 3.4'",
            "version": "==3.19.0"
        },
        "pypykatz": {
            "hashes": [
                "sha256:5e78b671823e0724c5483bee5870d4f7b2a58f031edda4fb3fe5488abea4b64b",
                "sha256:ea5f43e0e754aacaa47510003c88bc65be2099b08812390b5a83b01aff61b1df"
            ],
            "index": "pypi",
            "version": "==0.6.9"
        },
        "six": {
            "hashes": [
                "sha256:1e61c37477a1626458e36f7b1d82aa5c9b094fa4802892072e49de9c60c4c926",
                "sha256:8abb2f1d86890a2dfb989f9a77cfcfd3e47c2a354b01111771326f8aa26e0254"
            ],
            "markers": "python_version >= '2.7' and python_version not in '3.0, 3.1, 3.2, 3.3'",
            "version": "==1.16.0"
        },
        "tabulate": {
            "hashes": [
                "sha256:0095b12bf5966de529c0feb1fa08671671b3368eec77d7ef7ab114be2c068b3c",
                "sha256:024ca478df22e9340661486f85298cff5f6dcdba14f3813e8830015b9ed1948f"
            ],
            "markers": "python_version >= '3.7'",
            "version": "==0.9.0"
        },
        "tqdm": {
            "hashes": [
                "sha256:d302b3c5b53d47bce91fea46679d9c3c6508cf6332229aa1e7d8653723793386",
                "sha256:d88e651f9db8d8551a62556d3cff9e3034274ca5d66e93197cf2490e2dcb69c7"
            ],
            "markers": "python_version >= '3.7'",
            "version": "==4.66.1"
        },
        "unicrypto": {
            "hashes": [
                "sha256:77322c68cb6a7ef8ee762dcb0a824a491429f8939793e8a9d64f615baaf595b9"
            ],
            "markers": "python_version >= '3.6'",
            "version": "==0.0.10"
        },
        "wcwidth": {
            "hashes": [
                "sha256:f01c104efdf57971bcb756f054dd58ddec5204dd15fa31d6503ea57947d97c02",
                "sha256:f26ec43d96c8cbfed76a5075dac87680124fa84e0855195a6184da9c187f133c"
            ],
            "version": "==0.2.12"
        },
        "winacl": {
            "hashes": [
                "sha256:44271a302562de51629f68ef1540d40f3a26e7bc0173646b01a6779cedad644c",
                "sha256:f17028422c0b2dc6752c801350d37878919804728b776289521dc83622982a45"
            ],
            "markers": "python_version >= '3.6'",
            "version": "==0.1.8"
        }
    },
    "develop": {
        "annotated-types": {
            "hashes": [
                "sha256:0641064de18ba7a25dee8f96403ebc39113d0cb953a01429249d5c7564666a43",
                "sha256:563339e807e53ffd9c267e99fc6d9ea23eb8443c08f112651963e24e22f84a5d"
            ],
            "markers": "python_version >= '3.8'",
            "version": "==0.6.0"
        },
        "dnspython": {
            "hashes": [
                "sha256:57c6fbaaeaaf39c891292012060beb141791735dbb4004798328fc2c467402d8",
                "sha256:8dcfae8c7460a2f84b4072e26f1c9f4101ca20c071649cb7c34e8b6a93d58984"
            ],
            "markers": "python_version >= '3.8' and python_version < '4.0'",
            "version": "==2.4.2"
        },
        "email-validator": {
            "hashes": [
                "sha256:a4b0bd1cf55f073b924258d19321b1f3aa74b4b5a71a42c305575dba920e1a44",
                "sha256:c973053efbeddfef924dc0bd93f6e77a1ea7ee0fce935aea7103c7a3d6d2d637"
            ],
            "version": "==2.1.0.post1"
        },
        "idna": {
            "hashes": [
                "sha256:9ecdbbd083b06798ae1e86adcbfe8ab1479cf864e4ee30fe4e46a003d12491ca",
                "sha256:c05567e9c24a6b9faaa835c4821bad0590fbb9d5779e7caa6e1cc4978e7eb24f"
            ],
            "markers": "python_version >= '3.5'",
            "version": "==3.6"
        },
        "monkey-types": {
            "hashes": [
                "sha256:d05cbc997fb4b3f81c710caa53e386de94397ee1d97691e88e6fd9c50c81e13f",
                "sha256:e7745dcbb40664053cd495f1e6adc9baed76c0e2464bd7939d6b20d6e8a20e81"
            ],
            "index": "pypi",
            "version": "==0.4.0"
        },
        "monkeyevents": {
            "hashes": [
                "sha256:a660df639ff7ff6a1bf1648047d5d4af570d56d2cb6e237426867cb1297f3933",
                "sha256:ddd957d8b3da19aefcc1aaea3ad73995282a035372e6637eeed25bbd096168a1"
            ],
            "index": "pypi",
            "version": "==0.3.0"
        },
        "pydantic": {
            "extras": [
                "email"
            ],
            "hashes": [
                "sha256:80c50fb8e3dcecfddae1adbcc00ec5822918490c99ab31f6cf6140ca1c1429f0",
                "sha256:ff177ba64c6faf73d7afa2e8cad38fd456c0dbe01c9954e71038001cd15a6edd"
            ],
            "markers": "python_version >= '3.7'",
            "version": "==2.5.2"
        },
        "pydantic-core": {
            "hashes": [
                "sha256:038c9f763e650712b899f983076ce783175397c848da04985658e7628cbe873b",
                "sha256:074f3d86f081ce61414d2dc44901f4f83617329c6f3ab49d2bc6c96948b2c26b",
                "sha256:079206491c435b60778cf2b0ee5fd645e61ffd6e70c47806c9ed51fc75af078d",
                "sha256:09b0e985fbaf13e6b06a56d21694d12ebca6ce5414b9211edf6f17738d82b0f8",
                "sha256:0f6116a558fd06d1b7c2902d1c4cf64a5bd49d67c3540e61eccca93f41418124",
                "sha256:103ef8d5b58596a731b690112819501ba1db7a36f4ee99f7892c40da02c3e189",
                "sha256:16e29bad40bcf97aac682a58861249ca9dcc57c3f6be22f506501833ddb8939c",
                "sha256:206ed23aecd67c71daf5c02c3cd19c0501b01ef3cbf7782db9e4e051426b3d0d",
                "sha256:2248485b0322c75aee7565d95ad0e16f1c67403a470d02f94da7344184be770f",
                "sha256:27548e16c79702f1e03f5628589c6057c9ae17c95b4c449de3c66b589ead0520",
                "sha256:2d0ae0d8670164e10accbeb31d5ad45adb71292032d0fdb9079912907f0085f4",
                "sha256:3128e0bbc8c091ec4375a1828d6118bc20404883169ac95ffa8d983b293611e6",
                "sha256:3387277f1bf659caf1724e1afe8ee7dbc9952a82d90f858ebb931880216ea955",
                "sha256:34708cc82c330e303f4ce87758828ef6e457681b58ce0e921b6e97937dd1e2a3",
                "sha256:35613015f0ba7e14c29ac6c2483a657ec740e5ac5758d993fdd5870b07a61d8b",
                "sha256:3ad873900297bb36e4b6b3f7029d88ff9829ecdc15d5cf20161775ce12306f8a",
                "sha256:40180930807ce806aa71eda5a5a5447abb6b6a3c0b4b3b1b1962651906484d68",
                "sha256:439c9afe34638ace43a49bf72d201e0ffc1a800295bed8420c2a9ca8d5e3dbb3",
                "sha256:45e95333b8418ded64745f14574aa9bfc212cb4fbeed7a687b0c6e53b5e188cd",
                "sha256:4641e8ad4efb697f38a9b64ca0523b557c7931c5f84e0fd377a9a3b05121f0de",
                "sha256:49b08aae5013640a3bfa25a8eebbd95638ec3f4b2eaf6ed82cf0c7047133f03b",
                "sha256:4bc536201426451f06f044dfbf341c09f540b4ebdb9fd8d2c6164d733de5e634",
                "sha256:4ce601907e99ea5b4adb807ded3570ea62186b17f88e271569144e8cca4409c7",
                "sha256:4e40f2bd0d57dac3feb3a3aed50f17d83436c9e6b09b16af271b6230a2915459",
                "sha256:4e47a76848f92529879ecfc417ff88a2806438f57be4a6a8bf2961e8f9ca9ec7",
                "sha256:513b07e99c0a267b1d954243845d8a833758a6726a3b5d8948306e3fe14675e3",
                "sha256:531f4b4252fac6ca476fbe0e6f60f16f5b65d3e6b583bc4d87645e4e5ddde331",
                "sha256:57d52fa717ff445cb0a5ab5237db502e6be50809b43a596fb569630c665abddf",
                "sha256:59986de5710ad9613ff61dd9b02bdd2f615f1a7052304b79cc8fa2eb4e336d2d",
                "sha256:5baab5455c7a538ac7e8bf1feec4278a66436197592a9bed538160a2e7d11e36",
                "sha256:5c7d5b5005f177764e96bd584d7bf28d6e26e96f2a541fdddb934c486e36fd59",
                "sha256:60b7607753ba62cf0739177913b858140f11b8af72f22860c28eabb2f0a61937",
                "sha256:615a0a4bff11c45eb3c1996ceed5bdaa2f7b432425253a7c2eed33bb86d80abc",
                "sha256:61ea96a78378e3bd5a0be99b0e5ed00057b71f66115f5404d0dae4819f495093",
                "sha256:652c1988019752138b974c28f43751528116bcceadad85f33a258869e641d753",
                "sha256:6637560562134b0e17de333d18e69e312e0458ee4455bdad12c37100b7cad706",
                "sha256:678265f7b14e138d9a541ddabbe033012a2953315739f8cfa6d754cc8063e8ca",
                "sha256:699156034181e2ce106c89ddb4b6504c30db8caa86e0c30de47b3e0654543260",
                "sha256:6b9ff467ffbab9110e80e8c8de3bcfce8e8b0fd5661ac44a09ae5901668ba997",
                "sha256:6c327e9cd849b564b234da821236e6bcbe4f359a42ee05050dc79d8ed2a91588",
                "sha256:6d30226dfc816dd0fdf120cae611dd2215117e4f9b124af8c60ab9093b6e8e71",
                "sha256:6e227c40c02fd873c2a73a98c1280c10315cbebe26734c196ef4514776120aeb",
                "sha256:6e4d090e73e0725b2904fdbdd8d73b8802ddd691ef9254577b708d413bf3006e",
                "sha256:70f4b4851dbb500129681d04cc955be2a90b2248d69273a787dda120d5cf1f69",
                "sha256:70f947628e074bb2526ba1b151cee10e4c3b9670af4dbb4d73bc8a89445916b5",
                "sha256:774de879d212db5ce02dfbf5b0da9a0ea386aeba12b0b95674a4ce0593df3d07",
                "sha256:77fa384d8e118b3077cccfcaf91bf83c31fe4dc850b5e6ee3dc14dc3d61bdba1",
                "sha256:79e0a2cdbdc7af3f4aee3210b1172ab53d7ddb6a2d8c24119b5706e622b346d0",
                "sha256:7e88f5696153dc516ba6e79f82cc4747e87027205f0e02390c21f7cb3bd8abfd",
                "sha256:7f8210297b04e53bc3da35db08b7302a6a1f4889c79173af69b72ec9754796b8",
                "sha256:81982d78a45d1e5396819bbb4ece1fadfe5f079335dd28c4ab3427cd95389944",
                "sha256:823fcc638f67035137a5cd3f1584a4542d35a951c3cc68c6ead1df7dac825c26",
                "sha256:853a2295c00f1d4429db4c0fb9475958543ee80cfd310814b5c0ef502de24dda",
                "sha256:88e74ab0cdd84ad0614e2750f903bb0d610cc8af2cc17f72c28163acfcf372a4",
                "sha256:8aa1768c151cf562a9992462239dfc356b3d1037cc5a3ac829bb7f3bda7cc1f9",
                "sha256:8c8a8812fe6f43a3a5b054af6ac2d7b8605c7bcab2804a8a7d68b53f3cd86e00",
                "sha256:95b15e855ae44f0c6341ceb74df61b606e11f1087e87dcb7482377374aac6abe",
                "sha256:96581cfefa9123accc465a5fd0cc833ac4d75d55cc30b633b402e00e7ced00a6",
                "sha256:9bd18fee0923ca10f9a3ff67d4851c9d3e22b7bc63d1eddc12f439f436f2aada",
                "sha256:a33324437018bf6ba1bb0f921788788641439e0ed654b233285b9c69704c27b4",
                "sha256:a6a16f4a527aae4f49c875da3cdc9508ac7eef26e7977952608610104244e1b7",
                "sha256:a717aef6971208f0851a2420b075338e33083111d92041157bbe0e2713b37325",
                "sha256:a71891847f0a73b1b9eb86d089baee301477abef45f7eaf303495cd1473613e4",
                "sha256:aae7ea3a1c5bb40c93cad361b3e869b180ac174656120c42b9fadebf685d121b",
                "sha256:ab1cdb0f14dc161ebc268c09db04d2c9e6f70027f3b42446fa11c153521c0e88",
                "sha256:ab4ea451082e684198636565224bbb179575efc1658c48281b2c866bfd4ddf04",
                "sha256:abf058be9517dc877227ec3223f0300034bd0e9f53aebd63cf4456c8cb1e0863",
                "sha256:af36f36538418f3806048f3b242a1777e2540ff9efaa667c27da63d2749dbce0",
                "sha256:b53e9ad053cd064f7e473a5f29b37fc4cc9dc6d35f341e6afc0155ea257fc911",
                "sha256:b7851992faf25eac90bfcb7bfd19e1f5ffa00afd57daec8a0042e63c74a4551b",
                "sha256:b9b759b77f5337b4ea024f03abc6464c9f35d9718de01cfe6bae9f2e139c397e",
                "sha256:ba39688799094c75ea8a16a6b544eb57b5b0f3328697084f3f2790892510d144",
                "sha256:ba6b6b3846cfc10fdb4c971980a954e49d447cd215ed5a77ec8190bc93dd7bc5",
                "sha256:bb4c2eda937a5e74c38a41b33d8c77220380a388d689bcdb9b187cf6224c9720",
                "sha256:c0b97ec434041827935044bbbe52b03d6018c2897349670ff8fe11ed24d1d4ab",
                "sha256:c1452a1acdf914d194159439eb21e56b89aa903f2e1c65c60b9d874f9b950e5d",
                "sha256:c2027d05c8aebe61d898d4cffd774840a9cb82ed356ba47a90d99ad768f39789",
                "sha256:c2adbe22ab4babbca99c75c5d07aaf74f43c3195384ec07ccbd2f9e3bddaecec",
                "sha256:c2d97e906b4ff36eb464d52a3bc7d720bd6261f64bc4bcdbcd2c557c02081ed2",
                "sha256:c339dabd8ee15f8259ee0f202679b6324926e5bc9e9a40bf981ce77c038553db",
                "sha256:c6eae413494a1c3f89055da7a5515f32e05ebc1a234c27674a6956755fb2236f",
                "sha256:c949f04ecad823f81b1ba94e7d189d9dfb81edbb94ed3f8acfce41e682e48cef",
                "sha256:c97bee68898f3f4344eb02fec316db93d9700fb1e6a5b760ffa20d71d9a46ce3",
                "sha256:ca61d858e4107ce5e1330a74724fe757fc7135190eb5ce5c9d0191729f033209",
                "sha256:cb4679d4c2b089e5ef89756bc73e1926745e995d76e11925e3e96a76d5fa51fc",
                "sha256:cb774298da62aea5c80a89bd58c40205ab4c2abf4834453b5de207d59d2e1651",
                "sha256:ccd4d5702bb90b84df13bd491be8d900b92016c5a455b7e14630ad7449eb03f8",
                "sha256:cf9d3fe53b1ee360e2421be95e62ca9b3296bf3f2fb2d3b83ca49ad3f925835e",
                "sha256:d2ae91f50ccc5810b2f1b6b858257c9ad2e08da70bf890dee02de1775a387c66",
                "sha256:d37f8ec982ead9ba0a22a996129594938138a1503237b87318392a48882d50b7",
                "sha256:d81e6987b27bc7d101c8597e1cd2bcaa2fee5e8e0f356735c7ed34368c471550",
                "sha256:dcf4e6d85614f7a4956c2de5a56531f44efb973d2fe4a444d7251df5d5c4dcfd",
                "sha256:de790a3b5aa2124b8b78ae5faa033937a72da8efe74b9231698b5a1dd9be3405",
                "sha256:e47e9a08bcc04d20975b6434cc50bf82665fbc751bcce739d04a3120428f3e27",
                "sha256:e60f112ac88db9261ad3a52032ea46388378034f3279c643499edb982536a093",
                "sha256:e87fc540c6cac7f29ede02e0f989d4233f88ad439c5cdee56f693cc9c1c78077",
                "sha256:eac5c82fc632c599f4639a5886f96867ffced74458c7db61bc9a66ccb8ee3113",
                "sha256:ebb4e035e28f49b6f1a7032920bb9a0c064aedbbabe52c543343d39341a5b2a3",
                "sha256:ec1e72d6412f7126eb7b2e3bfca42b15e6e389e1bc88ea0069d0cc1742f477c6",
                "sha256:ef98ca7d5995a82f43ec0ab39c4caf6a9b994cb0b53648ff61716370eadc43cf",
                "sha256:f0cbc7fff06a90bbd875cc201f94ef0ee3929dfbd5c55a06674b60857b8b85ed",
                "sha256:f4791cf0f8c3104ac668797d8c514afb3431bc3305f5638add0ba1a5a37e0d88",
                "sha256:f5e412d717366e0677ef767eac93566582518fe8be923361a5c204c1a62eaafe",
                "sha256:fb2ed8b3fe4bf4506d6dab3b93b83bbc22237e230cba03866d561c3577517d18",
                "sha256:fe0a5a1025eb797752136ac8b4fa21aa891e3d74fd340f864ff982d649691867"
            ],
            "markers": "python_version >= '3.7'",
            "version": "==2.14.5"
        },
        "semver": {
            "hashes": [
                "sha256:ced8b23dceb22134307c1b8abfa523da14198793d9787ac838e70e29e77458d4",
                "sha256:fa0fe2722ee1c3f57eac478820c3a5ae2f624af8264cbdf9000c980ff7f75e3f"
            ],
            "markers": "python_version >= '2.7' and python_version not in '3.0, 3.1, 3.2, 3.3'",
            "version": "==2.13.0"
        },
        "typing-extensions": {
            "hashes": [
                "sha256:23478f88c37f27d76ac8aee6c905017a143b0b1b886c3c9f66bc2fd94f9f5783",
                "sha256:af72aea155e91adfc61c3ae9e0e342dbc0cba726d6cba4b6c72c1f34e47291cd"
            ],
            "markers": "python_version >= '3.8'",
            "version": "==4.9.0"
        }
    }
}
