{
    "_meta": {
        "hash": {
            "sha256": "9fe59bd38fea1ed359708ddaea8b5a7316a1335c5f225d456dd538841269828a"
        },
        "pipfile-spec": 6,
        "requires": {
            "python_version": "3.11"
        },
        "sources": [
            {
                "name": "pypi",
                "url": "https://pypi.org/simple",
                "verify_ssl": true
            }
        ]
    },
    "default": {
        "aesedb": {
            "hashes": [
                "sha256:dcfecc0e266d58b5cd8f69118f4973bab188f7f7a0635dbae7abcf68f9ab72d6"
            ],
            "markers": "python_version >= '3.6'",
            "version": "==0.1.4"
        },
        "aiosmb": {
            "hashes": [
                "sha256:a0121de29d04750fc3591b4a60fb24b9676e4a3f9bc0734dea09d1907579cd42",
                "sha256:b2257672bf18b94e245913471a5576f518de1f10a4ea671b2bb275e4b660ba5b"
            ],
            "markers": "python_version >= '3.7'",
            "version": "==0.4.8"
        },
        "aiowinreg": {
            "hashes": [
                "sha256:9ac5fa4032bb3b399c110fb63dbb7a417f7224ce2193acb43588440731b05841"
            ],
            "markers": "python_version >= '3.6'",
            "version": "==0.0.10"
        },
        "asn1crypto": {
            "hashes": [
                "sha256:13ae38502be632115abf8a24cbe5f4da52e3b5231990aff31123c805306ccb9c",
                "sha256:db4e40728b728508912cbb3d44f19ce188f218e9eba635821bb4b68564f8fd67"
            ],
            "version": "==1.5.1"
        },
        "asyauth": {
            "hashes": [
                "sha256:62b0d9e53884995635823b9acd906134244300847c5123392fa4bf93c220d7f5",
                "sha256:92d98bd841560d3cd9c21c5f95e604789b4c8a20cfdbc25a0866ecbf1c7bdce9"
            ],
            "markers": "python_version >= '3.7'",
            "version": "==0.0.16"
        },
        "asysocks": {
            "hashes": [
                "sha256:81c5432a00f671dda47916f581b9c22448d9eb03e2227ed3c2691f640d0d6daf",
                "sha256:ce0df112f7b210e8ac93cb3847fdfa2f2f491f9c43bd5b234b81592311ce959f"
            ],
            "markers": "python_version >= '3.6'",
            "version": "==0.2.9"
        },
        "cffi": {
            "hashes": [
                "sha256:0c9ef6ff37e974b73c25eecc13952c55bceed9112be2d9d938ded8e856138bcc",
                "sha256:131fd094d1065b19540c3d72594260f118b231090295d8c34e19a7bbcf2e860a",
                "sha256:1b8ebc27c014c59692bb2664c7d13ce7a6e9a629be20e54e7271fa696ff2b417",
                "sha256:2c56b361916f390cd758a57f2e16233eb4f64bcbeee88a4881ea90fca14dc6ab",
                "sha256:2d92b25dbf6cae33f65005baf472d2c245c050b1ce709cc4588cdcdd5495b520",
                "sha256:31d13b0f99e0836b7ff893d37af07366ebc90b678b6664c955b54561fc36ef36",
                "sha256:32c68ef735dbe5857c810328cb2481e24722a59a2003018885514d4c09af9743",
                "sha256:3686dffb02459559c74dd3d81748269ffb0eb027c39a6fc99502de37d501faa8",
                "sha256:582215a0e9adbe0e379761260553ba11c58943e4bbe9c36430c4ca6ac74b15ed",
                "sha256:5b50bf3f55561dac5438f8e70bfcdfd74543fd60df5fa5f62d94e5867deca684",
                "sha256:5bf44d66cdf9e893637896c7faa22298baebcd18d1ddb6d2626a6e39793a1d56",
                "sha256:6602bc8dc6f3a9e02b6c22c4fc1e47aa50f8f8e6d3f78a5e16ac33ef5fefa324",
                "sha256:673739cb539f8cdaa07d92d02efa93c9ccf87e345b9a0b556e3ecc666718468d",
                "sha256:68678abf380b42ce21a5f2abde8efee05c114c2fdb2e9eef2efdb0257fba1235",
                "sha256:68e7c44931cc171c54ccb702482e9fc723192e88d25a0e133edd7aff8fcd1f6e",
                "sha256:6b3d6606d369fc1da4fd8c357d026317fbb9c9b75d36dc16e90e84c26854b088",
                "sha256:748dcd1e3d3d7cd5443ef03ce8685043294ad6bd7c02a38d1bd367cfd968e000",
                "sha256:7651c50c8c5ef7bdb41108b7b8c5a83013bfaa8a935590c5d74627c047a583c7",
                "sha256:7b78010e7b97fef4bee1e896df8a4bbb6712b7f05b7ef630f9d1da00f6444d2e",
                "sha256:7e61e3e4fa664a8588aa25c883eab612a188c725755afff6289454d6362b9673",
                "sha256:80876338e19c951fdfed6198e70bc88f1c9758b94578d5a7c4c91a87af3cf31c",
                "sha256:8895613bcc094d4a1b2dbe179d88d7fb4a15cee43c052e8885783fac397d91fe",
                "sha256:88e2b3c14bdb32e440be531ade29d3c50a1a59cd4e51b1dd8b0865c54ea5d2e2",
                "sha256:8f8e709127c6c77446a8c0a8c8bf3c8ee706a06cd44b1e827c3e6a2ee6b8c098",
                "sha256:9cb4a35b3642fc5c005a6755a5d17c6c8b6bcb6981baf81cea8bfbc8903e8ba8",
                "sha256:9f90389693731ff1f659e55c7d1640e2ec43ff725cc61b04b2f9c6d8d017df6a",
                "sha256:a09582f178759ee8128d9270cd1344154fd473bb77d94ce0aeb2a93ebf0feaf0",
                "sha256:a6a14b17d7e17fa0d207ac08642c8820f84f25ce17a442fd15e27ea18d67c59b",
                "sha256:a72e8961a86d19bdb45851d8f1f08b041ea37d2bd8d4fd19903bc3083d80c896",
                "sha256:abd808f9c129ba2beda4cfc53bde801e5bcf9d6e0f22f095e45327c038bfe68e",
                "sha256:ac0f5edd2360eea2f1daa9e26a41db02dd4b0451b48f7c318e217ee092a213e9",
                "sha256:b29ebffcf550f9da55bec9e02ad430c992a87e5f512cd63388abb76f1036d8d2",
                "sha256:b2ca4e77f9f47c55c194982e10f058db063937845bb2b7a86c84a6cfe0aefa8b",
                "sha256:b7be2d771cdba2942e13215c4e340bfd76398e9227ad10402a8767ab1865d2e6",
                "sha256:b84834d0cf97e7d27dd5b7f3aca7b6e9263c56308ab9dc8aae9784abb774d404",
                "sha256:b86851a328eedc692acf81fb05444bdf1891747c25af7529e39ddafaf68a4f3f",
                "sha256:bcb3ef43e58665bbda2fb198698fcae6776483e0c4a631aa5647806c25e02cc0",
                "sha256:c0f31130ebc2d37cdd8e44605fb5fa7ad59049298b3f745c74fa74c62fbfcfc4",
                "sha256:c6a164aa47843fb1b01e941d385aab7215563bb8816d80ff3a363a9f8448a8dc",
                "sha256:d8a9d3ebe49f084ad71f9269834ceccbf398253c9fac910c4fd7053ff1386936",
                "sha256:db8e577c19c0fda0beb7e0d4e09e0ba74b1e4c092e0e40bfa12fe05b6f6d75ba",
                "sha256:dc9b18bf40cc75f66f40a7379f6a9513244fe33c0e8aa72e2d56b0196a7ef872",
                "sha256:e09f3ff613345df5e8c3667da1d918f9149bd623cd9070c983c013792a9a62eb",
                "sha256:e4108df7fe9b707191e55f33efbcb2d81928e10cea45527879a4749cbe472614",
                "sha256:e6024675e67af929088fda399b2094574609396b1decb609c55fa58b028a32a1",
                "sha256:e70f54f1796669ef691ca07d046cd81a29cb4deb1e5f942003f401c0c4a2695d",
                "sha256:e715596e683d2ce000574bae5d07bd522c781a822866c20495e52520564f0969",
                "sha256:e760191dd42581e023a68b758769e2da259b5d52e3103c6060ddc02c9edb8d7b",
                "sha256:ed86a35631f7bfbb28e108dd96773b9d5a6ce4811cf6ea468bb6a359b256b1e4",
                "sha256:ee07e47c12890ef248766a6e55bd38ebfb2bb8edd4142d56db91b21ea68b7627",
                "sha256:fa3a0128b152627161ce47201262d3140edb5a5c3da88d73a1b790a959126956",
                "sha256:fcc8eb6d5902bb1cf6dc4f187ee3ea80a1eba0a89aba40a5cb20a5087d961357"
            ],
            "markers": "python_version >= '3.8'",
            "version": "==1.16.0"
        },
        "colorama": {
            "hashes": [
                "sha256:08695f5cb7ed6e0531a20572697297273c47b8cae5a63ffc6d6ed5c201be6e44",
                "sha256:4f1d9991f5acc0ca119f9d443620b77f9d6b33703e51011c16baf57afb285fc6"
            ],
            "markers": "python_version >= '2.7' and python_version not in '3.0, 3.1, 3.2, 3.3, 3.4, 3.5, 3.6'",
            "version": "==0.4.6"
        },
        "cryptography": {
            "hashes": [
                "sha256:004b6ccc95943f6a9ad3142cfabcc769d7ee38a3f60fb0dddbfb431f818c3a67",
                "sha256:047c4603aeb4bbd8db2756e38f5b8bd7e94318c047cfe4efeb5d715e08b49311",
                "sha256:0d9409894f495d465fe6fda92cb70e8323e9648af912d5b9141d616df40a87b8",
                "sha256:23a25c09dfd0d9f28da2352503b23e086f8e78096b9fd585d1d14eca01613e13",
                "sha256:2ed09183922d66c4ec5fdaa59b4d14e105c084dd0febd27452de8f6f74704143",
                "sha256:35c00f637cd0b9d5b6c6bd11b6c3359194a8eba9c46d4e875a3660e3b400005f",
                "sha256:37480760ae08065437e6573d14be973112c9e6dcaf5f11d00147ee74f37a3829",
                "sha256:3b224890962a2d7b57cf5eeb16ccaafba6083f7b811829f00476309bce2fe0fd",
                "sha256:5a0f09cefded00e648a127048119f77bc2b2ec61e736660b5789e638f43cc397",
                "sha256:5b72205a360f3b6176485a333256b9bcd48700fc755fef51c8e7e67c4b63e3ac",
                "sha256:7e53db173370dea832190870e975a1e09c86a879b613948f09eb49324218c14d",
                "sha256:7febc3094125fc126a7f6fb1f420d0da639f3f32cb15c8ff0dc3997c4549f51a",
                "sha256:80907d3faa55dc5434a16579952ac6da800935cd98d14dbd62f6f042c7f5e839",
                "sha256:86defa8d248c3fa029da68ce61fe735432b047e32179883bdb1e79ed9bb8195e",
                "sha256:8ac4f9ead4bbd0bc8ab2d318f97d85147167a488be0e08814a37eb2f439d5cf6",
                "sha256:93530900d14c37a46ce3d6c9e6fd35dbe5f5601bf6b3a5c325c7bffc030344d9",
                "sha256:9eeb77214afae972a00dee47382d2591abe77bdae166bda672fb1e24702a3860",
                "sha256:b5f4dfe950ff0479f1f00eda09c18798d4f49b98f4e2006d644b3301682ebdca",
                "sha256:c3391bd8e6de35f6f1140e50aaeb3e2b3d6a9012536ca23ab0d9c35ec18c8a91",
                "sha256:c880eba5175f4307129784eca96f4e70b88e57aa3f680aeba3bab0e980b0f37d",
                "sha256:cecfefa17042941f94ab54f769c8ce0fe14beff2694e9ac684176a2535bf9714",
                "sha256:e40211b4923ba5a6dc9769eab704bdb3fbb58d56c5b336d30996c24fcf12aadb",
                "sha256:efc8ad4e6fc4f1752ebfb58aefece8b4e3c4cae940b0994d43649bdfce8d0d4f"
            ],
            "markers": "python_version >= '3.7'",
            "version": "==41.0.4"
        },
        "h11": {
            "hashes": [
                "sha256:8f19fbbe99e72420ff35c00b27a34cb9937e902a8b810e2c88300c6f0a3b699d",
                "sha256:e3fe4ac4b851c468cc8363d500db52c2ead036020723024a109d37346efaa761"
            ],
            "markers": "python_version >= '3.7'",
            "version": "==0.14.0"
        },
        "minidump": {
            "hashes": [
                "sha256:6a9d2152f76ae633c609e09b48b42f55bd5a6b65f920dbbec756e5d9134a6201",
                "sha256:83d612afb6c57727ebf38aca433b550f83f9f8c7c3b6562ad2ab97071fd85f3a"
            ],
            "markers": "python_version >= '3.6'",
            "version": "==0.0.21"
        },
        "minikerberos": {
            "hashes": [
                "sha256:04408a586e67c4808e49f40981726a0a48b681cbff651ac3168e7b9d71ef868b",
                "sha256:0e20d0221022988f3916f4fd4e9e362964087fdafc227c717067ccee33736f69"
            ],
            "markers": "python_version >= '3.6'",
            "version": "==0.4.2"
        },
        "msldap": {
            "hashes": [
                "sha256:99b708d29f0195c9300ea035ecc24ba5b14838ec3f2a2f39c19b4bf503a38af6",
                "sha256:ea04d43ed19028949dec7a4c451970f3b22edc8d4bd9e6b617e410b355358c83"
            ],
            "markers": "python_version >= '3.7'",
            "version": "==0.5.7"
        },
        "oscrypto": {
            "hashes": [
                "sha256:2b2f1d2d42ec152ca90ccb5682f3e051fb55986e1b170ebde472b133713e7085",
                "sha256:6f5fef59cb5b3708321db7cca56aed8ad7e662853351e7991fcf60ec606d47a4"
            ],
            "version": "==1.3.0"
        },
        "prompt-toolkit": {
            "hashes": [
                "sha256:04505ade687dc26dc4284b1ad19a83be2f2afe83e7a828ace0c72f3a1df72aac",
                "sha256:9dffbe1d8acf91e3de75f3b544e4842382fc06c6babe903ac9acb74dc6e08d88"
            ],
            "markers": "python_full_version >= '3.7.0'",
            "version": "==3.0.39"
        },
        "pycparser": {
            "hashes": [
                "sha256:8ee45429555515e1f6b185e78100aea234072576aa43ab53aefcae078162fca9",
                "sha256:e644fdec12f7872f86c58ff790da456218b10f863970249516d60a5eaca77206"
            ],
            "version": "==2.21"
        },
        "pycryptodomex": {
            "hashes": [
                "sha256:09c9401dc06fb3d94cb1ec23b4ea067a25d1f4c6b7b118ff5631d0b5daaab3cc",
                "sha256:0b2f1982c5bc311f0aab8c293524b861b485d76f7c9ab2c3ac9a25b6f7655975",
                "sha256:136b284e9246b4ccf4f752d435c80f2c44fc2321c198505de1d43a95a3453b3c",
                "sha256:1789d89f61f70a4cd5483d4dfa8df7032efab1118f8b9894faae03c967707865",
                "sha256:2126bc54beccbede6eade00e647106b4f4c21e5201d2b0a73e9e816a01c50905",
                "sha256:258c4233a3fe5a6341780306a36c6fb072ef38ce676a6d41eec3e591347919e8",
                "sha256:263de9a96d2fcbc9f5bd3a279f14ea0d5f072adb68ebd324987576ec25da084d",
                "sha256:50cb18d4dd87571006fd2447ccec85e6cec0136632a550aa29226ba075c80644",
                "sha256:5b883e1439ab63af976656446fb4839d566bb096f15fc3c06b5a99cde4927188",
                "sha256:5d73e9fa3fe830e7b6b42afc49d8329b07a049a47d12e0ef9225f2fd220f19b2",
                "sha256:61056a1fd3254f6f863de94c233b30dd33bc02f8c935b2000269705f1eeeffa4",
                "sha256:67c8eb79ab33d0fbcb56842992298ddb56eb6505a72369c20f60bc1d2b6fb002",
                "sha256:6e45bb4635b3c4e0a00ca9df75ef6295838c85c2ac44ad882410cb631ed1eeaa",
                "sha256:7cb51096a6a8d400724104db8a7e4f2206041a1f23e58924aa3d8d96bcb48338",
                "sha256:800a2b05cfb83654df80266692f7092eeefe2a314fa7901dcefab255934faeec",
                "sha256:8df69e41f7e7015a90b94d1096ec3d8e0182e73449487306709ec27379fff761",
                "sha256:917033016ecc23c8933205585a0ab73e20020fdf671b7cd1be788a5c4039840b",
                "sha256:a12144d785518f6491ad334c75ccdc6ad52ea49230b4237f319dbb7cef26f464",
                "sha256:a3866d68e2fc345162b1b9b83ef80686acfe5cec0d134337f3b03950a0a8bf56",
                "sha256:a588a1cb7781da9d5e1c84affd98c32aff9c89771eac8eaa659d2760666f7139",
                "sha256:a77b79852175064c822b047fee7cf5a1f434f06ad075cc9986aa1c19a0c53eb0",
                "sha256:af83a554b3f077564229865c45af0791be008ac6469ef0098152139e6bd4b5b6",
                "sha256:b801216c48c0886742abf286a9a6b117e248ca144d8ceec1f931ce2dd0c9cb40",
                "sha256:bfb040b5dda1dff1e197d2ef71927bd6b8bfcb9793bc4dfe0bb6df1e691eaacb",
                "sha256:c01678aee8ac0c1a461cbc38ad496f953f9efcb1fa19f5637cbeba7544792a53",
                "sha256:c74eb1f73f788facece7979ce91594dc177e1a9b5d5e3e64697dd58299e5cb4d",
                "sha256:c9a68a2f7bd091ccea54ad3be3e9d65eded813e6d79fdf4cc3604e26cdd6384f",
                "sha256:d4dd3b381ff5a5907a3eb98f5f6d32c64d319a840278ceea1dcfcc65063856f3",
                "sha256:e8e5ecbd4da4157889fce8ba49da74764dd86c891410bfd6b24969fa46edda51",
                "sha256:eb2fc0ec241bf5e5ef56c8fbec4a2634d631e4c4f616a59b567947a0f35ad83c",
                "sha256:edbe083c299835de7e02c8aa0885cb904a75087d35e7bab75ebe5ed336e8c3e2",
                "sha256:ff64fd720def623bf64d8776f8d0deada1cc1bf1ec3c1f9d6f5bb5bd098d034f"
            ],
            "markers": "python_version >= '2.7' and python_version not in '3.0, 3.1, 3.2, 3.3, 3.4'",
            "version": "==3.19.0"
        },
        "pypykatz": {
            "hashes": [
                "sha256:5e78b671823e0724c5483bee5870d4f7b2a58f031edda4fb3fe5488abea4b64b",
                "sha256:ea5f43e0e754aacaa47510003c88bc65be2099b08812390b5a83b01aff61b1df"
            ],
            "index": "pypi",
            "markers": "python_version >= '3.6'",
            "version": "==0.6.9"
        },
        "six": {
            "hashes": [
                "sha256:1e61c37477a1626458e36f7b1d82aa5c9b094fa4802892072e49de9c60c4c926",
                "sha256:8abb2f1d86890a2dfb989f9a77cfcfd3e47c2a354b01111771326f8aa26e0254"
            ],
            "markers": "python_version >= '2.7' and python_version not in '3.0, 3.1, 3.2, 3.3'",
            "version": "==1.16.0"
        },
        "tabulate": {
            "hashes": [
                "sha256:0095b12bf5966de529c0feb1fa08671671b3368eec77d7ef7ab114be2c068b3c",
                "sha256:024ca478df22e9340661486f85298cff5f6dcdba14f3813e8830015b9ed1948f"
            ],
            "markers": "python_version >= '3.7'",
            "version": "==0.9.0"
        },
        "tqdm": {
            "hashes": [
                "sha256:d302b3c5b53d47bce91fea46679d9c3c6508cf6332229aa1e7d8653723793386",
                "sha256:d88e651f9db8d8551a62556d3cff9e3034274ca5d66e93197cf2490e2dcb69c7"
            ],
            "markers": "python_version >= '3.7'",
            "version": "==4.66.1"
        },
        "unicrypto": {
            "hashes": [
                "sha256:77322c68cb6a7ef8ee762dcb0a824a491429f8939793e8a9d64f615baaf595b9"
            ],
            "markers": "python_version >= '3.6'",
            "version": "==0.0.10"
        },
        "wcwidth": {
            "hashes": [
                "sha256:77f719e01648ed600dfa5402c347481c0992263b81a027344f3e1ba25493a704",
                "sha256:8705c569999ffbb4f6a87c6d1b80f324bd6db952f5eb0b95bc07517f4c1813d4"
            ],
            "version": "==0.2.8"
        },
        "winacl": {
            "hashes": [
                "sha256:5d00ed1d2378823050b4eb87ff3e69d49cb3ecb8bf1e012b69afe15e3bdb2703",
                "sha256:ca662c091471a6c629d76c5eec63d8a1bf1af7c054348f09c1242f338850b2bd"
            ],
            "markers": "python_version >= '3.6'",
            "version": "==0.1.7"
        }
    },
    "develop": {
        "dnspython": {
            "hashes": [
                "sha256:57c6fbaaeaaf39c891292012060beb141791735dbb4004798328fc2c467402d8",
                "sha256:8dcfae8c7460a2f84b4072e26f1c9f4101ca20c071649cb7c34e8b6a93d58984"
            ],
            "markers": "python_version >= '3.8' and python_version < '4.0'",
            "version": "==2.4.2"
        },
        "email-validator": {
            "hashes": [
                "sha256:1ff6e86044200c56ae23595695c54e9614f4a9551e0e393614f764860b3d7900",
                "sha256:2466ba57cda361fb7309fd3d5a225723c788ca4bbad32a0ebd5373b99730285c"
            ],
            "version": "==2.0.0.post2"
        },
        "idna": {
            "hashes": [
                "sha256:814f528e8dead7d329833b91c5faa87d60bf71824cd12a7530b5526063d02cb4",
                "sha256:90b77e79eaa3eba6de819a0c442c0b4ceefc341a7a2ab77d7562bf49f425c5c2"
            ],
            "markers": "python_version >= '3.5'",
            "version": "==3.4"
        },
        "monkey-types": {
            "hashes": [
                "sha256:15e05e2e587dbaac88071bf8d115d3c80880146bda57f95b7f88cce9226e1ec4",
                "sha256:74bbea9fab0f9df4a92467acfdc2c80ee8199cc92337e2d8d2f6772f905b8046"
            ],
            "markers": "python_version >= '3.11' and python_version < '4.0'",
            "version": "==0.2.0"
        },
        "pydantic": {
            "extras": [
                "email"
            ],
            "hashes": [
                "sha256:1740068fd8e2ef6eb27a20e5651df000978edce6da6803c2bef0bc74540f9548",
                "sha256:210ce042e8f6f7c01168b2d84d4c9eb2b009fe7bf572c2266e235edf14bacd80",
                "sha256:32c8b48dcd3b2ac4e78b0ba4af3a2c2eb6048cb75202f0ea7b34feb740efc340",
                "sha256:3ecea2b9d80e5333303eeb77e180b90e95eea8f765d08c3d278cd56b00345d01",
                "sha256:4b03e42ec20286f052490423682016fd80fda830d8e4119f8ab13ec7464c0132",
                "sha256:4c5370a7edaac06daee3af1c8b1192e305bc102abcbf2a92374b5bc793818599",
                "sha256:56e3ff861c3b9c6857579de282ce8baabf443f42ffba355bf070770ed63e11e1",
                "sha256:5a1f9f747851338933942db7af7b6ee8268568ef2ed86c4185c6ef4402e80ba8",
                "sha256:5e08865bc6464df8c7d61439ef4439829e3ab62ab1669cddea8dd00cd74b9ffe",
                "sha256:61d9dce220447fb74f45e73d7ff3b530e25db30192ad8d425166d43c5deb6df0",
                "sha256:654db58ae399fe6434e55325a2c3e959836bd17a6f6a0b6ca8107ea0571d2e17",
                "sha256:678bcf5591b63cc917100dc50ab6caebe597ac67e8c9ccb75e698f66038ea953",
                "sha256:6cf25c1a65c27923a17b3da28a0bdb99f62ee04230c931d83e888012851f4e7f",
                "sha256:75ac15385a3534d887a99c713aa3da88a30fbd6204a5cd0dc4dab3d770b9bd2f",
                "sha256:75b297827b59bc229cac1a23a2f7a4ac0031068e5be0ce385be1462e7e17a35d",
                "sha256:7d6f6e7305244bddb4414ba7094ce910560c907bdfa3501e9db1a7fd7eaea127",
                "sha256:84bafe2e60b5e78bc64a2941b4c071a4b7404c5c907f5f5a99b0139781e69ed8",
                "sha256:854223752ba81e3abf663d685f105c64150873cc6f5d0c01d3e3220bcff7d36f",
                "sha256:8ae5dd6b721459bfa30805f4c25880e0dd78fc5b5879f9f7a692196ddcb5a580",
                "sha256:8ef467901d7a41fa0ca6db9ae3ec0021e3f657ce2c208e98cd511f3161c762c6",
                "sha256:968ac42970f57b8344ee08837b62f6ee6f53c33f603547a55571c954a4225691",
                "sha256:97cce3ae7341f7620a0ba5ef6cf043975cd9d2b81f3aa5f4ea37928269bc1b87",
                "sha256:9849f031cf8a2f0a928fe885e5a04b08006d6d41876b8bbd2fc68a18f9f2e3fd",
                "sha256:9f00790179497767aae6bcdc36355792c79e7bbb20b145ff449700eb076c5f96",
                "sha256:b87326822e71bd5f313e7d3bfdc77ac3247035ac10b0c0618bd99dcf95b1e687",
                "sha256:b97c1fac8c49be29486df85968682b0afa77e1b809aff74b83081cc115e52f33",
                "sha256:bc0898c12f8e9c97f6cd44c0ed70d55749eaf783716896960b4ecce2edfd2d69",
                "sha256:c553f6a156deb868ba38a23cf0df886c63492e9257f60a79c0fd8e7173537653",
                "sha256:c636925f38b8db208e09d344c7aa4f29a86bb9947495dd6b6d376ad10334fb78",
                "sha256:c958d053453a1c4b1c2062b05cd42d9d5c8eb67537b8d5a7e3c3032943ecd261",
                "sha256:d3a3c792a58e1622667a2837512099eac62490cdfd63bd407993aaf200a4cf1f",
                "sha256:e31647d85a2013d926ce60b84f9dd5300d44535a9941fe825dc349ae1f760df9",
                "sha256:e70ca129d2053fb8b728ee7d1af8e553a928d7e301a311094b8a0501adc8763d",
                "sha256:efff03cc7a4f29d9009d1c96ceb1e7a70a65cfe86e89d34e4a5f2ab1e5693737",
                "sha256:f59ef915cac80275245824e9d771ee939133be38215555e9dc90c6cb148aaeb5",
                "sha256:f8e81fc5fb17dae698f52bdd1c4f18b6ca674d7068242b2aff075f588301bbb0"
            ],
            "markers": "python_version >= '3.7'",
            "version": "==1.10.13"
        },
        "semver": {
            "hashes": [
                "sha256:ced8b23dceb22134307c1b8abfa523da14198793d9787ac838e70e29e77458d4",
                "sha256:fa0fe2722ee1c3f57eac478820c3a5ae2f624af8264cbdf9000c980ff7f75e3f"
            ],
            "markers": "python_version >= '2.7' and python_version not in '3.0, 3.1, 3.2, 3.3'",
            "version": "==2.13.0"
        },
        "typing-extensions": {
            "hashes": [
                "sha256:8f92fc8806f9a6b641eaa5318da32b44d401efaac0f6678c9bc448ba3605faa0",
                "sha256:df8e4339e9cb77357558cbdbceca33c303714cf861d1eef15e1070055ae8b7ef"
            ],
            "markers": "python_version >= '3.8'",
            "version": "==4.8.0"
        }
    }
}
