{
    "_meta": {
        "hash": {
            "sha256": "3ff8ef17d067fb2a17ecf0221591f98de1d937bdeef20b649fb0b3ee4fd3be09"
        },
        "pipfile-spec": 6,
        "requires": {
            "python_version": "3.11"
        },
        "sources": [
            {
                "name": "pypi",
                "url": "https://pypi.org/simple",
                "verify_ssl": true
            }
        ]
    },
    "default": {
        "psutil": {
            "hashes": [
                "sha256:104a5cc0e31baa2bcf67900be36acde157756b9c44017b86b2c049f11957887d",
                "sha256:3c6f686f4225553615612f6d9bc21f1c0e305f75d7d8454f9b46e901778e7217",
                "sha256:4aef137f3345082a3d3232187aeb4ac4ef959ba3d7c10c33dd73763fbc063da4",
                "sha256:5410638e4df39c54d957fc51ce03048acd8e6d60abc0f5107af51e5fb566eb3c",
                "sha256:5b9b8cb93f507e8dbaf22af6a2fd0ccbe8244bf30b1baad6b3954e935157ae3f",
                "sha256:7a7dd9997128a0d928ed4fb2c2d57e5102bb6089027939f3b722f3a210f9a8da",
                "sha256:89518112647f1276b03ca97b65cc7f64ca587b1eb0278383017c2a0dcc26cbe4",
                "sha256:8c5f7c5a052d1d567db4ddd231a9d27a74e8e4a9c3f44b1032762bd7b9fdcd42",
                "sha256:ab8ed1a1d77c95453db1ae00a3f9c50227ebd955437bcf2a574ba8adbf6a74d5",
                "sha256:acf2aef9391710afded549ff602b5887d7a2349831ae4c26be7c807c0a39fac4",
                "sha256:b258c0c1c9d145a1d5ceffab1134441c4c5113b2417fafff7315a917a026c3c9",
                "sha256:be8929ce4313f9f8146caad4272f6abb8bf99fc6cf59344a3167ecd74f4f203f",
                "sha256:c607bb3b57dc779d55e1554846352b4e358c10fff3abf3514a7a6601beebdb30",
                "sha256:ea8518d152174e1249c4f2a1c89e3e6065941df2fa13a1ab45327716a23c2b48"
            ],
            "index": "pypi",
            "version": "==5.9.5"
        },
        "pycryptodome": {
            "hashes": [
                "sha256:01489bbdf709d993f3058e2996f8f40fee3f0ea4d995002e5968965fa2fe89fb",
                "sha256:10da29526a2a927c7d64b8f34592f461d92ae55fc97981aab5bbcde8cb465bb6",
                "sha256:12600268763e6fec3cefe4c2dcdf79bde08d0b6dc1813887e789e495cb9f3403",
                "sha256:157c9b5ba5e21b375f052ca78152dd309a09ed04703fd3721dce3ff8ecced148",
                "sha256:16bfd98dbe472c263ed2821284118d899c76968db1a6665ade0c46805e6b29a4",
                "sha256:363dd6f21f848301c2dcdeb3c8ae5f0dee2286a5e952a0f04954b82076f23825",
                "sha256:3811e31e1ac3069988f7a1c9ee7331b942e605dfc0f27330a9ea5997e965efb2",
                "sha256:422c89fd8df8a3bee09fb8d52aaa1e996120eafa565437392b781abec2a56e14",
                "sha256:4604816adebd4faf8810782f137f8426bf45fee97d8427fa8e1e49ea78a52e2c",
                "sha256:4944defabe2ace4803f99543445c27dd1edbe86d7d4edb87b256476a91e9ffa4",
                "sha256:51eae079ddb9c5f10376b4131be9589a6554f6fd84f7f655180937f611cd99a2",
                "sha256:53aee6be8b9b6da25ccd9028caf17dcdce3604f2c7862f5167777b707fbfb6cb",
                "sha256:62a1e8847fabb5213ccde38915563140a5b338f0d0a0d363f996b51e4a6165cf",
                "sha256:6f4b967bb11baea9128ec88c3d02f55a3e338361f5e4934f5240afcb667fdaec",
                "sha256:78d863476e6bad2a592645072cc489bb90320972115d8995bcfbee2f8b209918",
                "sha256:795bd1e4258a2c689c0b1f13ce9684fa0dd4c0e08680dcf597cf9516ed6bc0f3",
                "sha256:7a3d22c8ee63de22336679e021c7f2386f7fc465477d59675caa0e5706387944",
                "sha256:83c75952dcf4a4cebaa850fa257d7a860644c70a7cd54262c237c9f2be26f76e",
                "sha256:928078c530da78ff08e10eb6cada6e0dff386bf3d9fa9871b4bbc9fbc1efe024",
                "sha256:957b221d062d5752716923d14e0926f47670e95fead9d240fa4d4862214b9b2f",
                "sha256:9ad6f09f670c466aac94a40798e0e8d1ef2aa04589c29faa5b9b97566611d1d1",
                "sha256:9c8eda4f260072f7dbe42f473906c659dcbadd5ae6159dfb49af4da1293ae380",
                "sha256:b1d9701d10303eec8d0bd33fa54d44e67b8be74ab449052a8372f12a66f93fb9",
                "sha256:b6a610f8bfe67eab980d6236fdc73bfcdae23c9ed5548192bb2d530e8a92780e",
                "sha256:c9adee653fc882d98956e33ca2c1fb582e23a8af7ac82fee75bd6113c55a0413",
                "sha256:cb1be4d5af7f355e7d41d36d8eec156ef1382a88638e8032215c215b82a4b8ec",
                "sha256:d1497a8cd4728db0e0da3c304856cb37c0c4e3d0b36fcbabcc1600f18504fc54",
                "sha256:d20082bdac9218649f6abe0b885927be25a917e29ae0502eaf2b53f1233ce0c2",
                "sha256:e8ad74044e5f5d2456c11ed4cfd3e34b8d4898c0cb201c4038fe41458a82ea27",
                "sha256:f022a4fd2a5263a5c483a2bb165f9cb27f2be06f2f477113783efe3fe2ad887b",
                "sha256:f21efb8438971aa16924790e1c3dba3a33164eb4000106a55baaed522c261acf",
                "sha256:fc0a73f4db1e31d4a6d71b672a48f3af458f548059aa05e83022d5f61aac9c08"
            ],
            "index": "pypi",
            "version": "==3.18.0"
        }
    },
    "develop": {}
}
